// !$*UTF8*$!
{
	archiveVersion = 1;
	classes = {
	};
	objectVersion = 46;
	objects = {

/* Begin PBXBuildFile section */
		62F6B577B430D78912B92163 /* Pods_YouTubeLiveVideo.framework in Frameworks */ = {isa = PBXBuildFile; fileRef = 8D49C69C84C0F80F29371978 /* Pods_YouTubeLiveVideo.framework */; };
		7F10443A1DBDFFF3006AA1EE /* Alert.swift in Sources */ = {isa = PBXBuildFile; fileRef = 7F1044381DBDFFF3006AA1EE /* Alert.swift */; };
		7F10443B1DBDFFF3006AA1EE /* StatusBarShowingViewController.swift in Sources */ = {isa = PBXBuildFile; fileRef = 7F1044391DBDFFF3006AA1EE /* StatusBarShowingViewController.swift */; };
		7F53B1AA2030724200E09CFA /* LaunchScreen.storyboard in Resources */ = {isa = PBXBuildFile; fileRef = 7F53B1A62030724200E09CFA /* LaunchScreen.storyboard */; };
		7F53B1AB2030724200E09CFA /* Main.storyboard in Resources */ = {isa = PBXBuildFile; fileRef = 7F53B1A82030724200E09CFA /* Main.storyboard */; };
		7F53B1B12030B38100E09CFA /* Interactor.swift in Sources */ = {isa = PBXBuildFile; fileRef = 7F53B1B02030B38100E09CFA /* Interactor.swift */; };
		7F53B1B72030B4B400E09CFA /* AppDelegate.swift in Sources */ = {isa = PBXBuildFile; fileRef = 7F53B1B32030B4B300E09CFA /* AppDelegate.swift */; };
		7F53B1BB2030B57E00E09CFA /* Info.plist in Resources */ = {isa = PBXBuildFile; fileRef = 7F53B1BA2030B57E00E09CFA /* Info.plist */; };
		7F83E3371DBDD35500DE4102 /* TableViewCell.swift in Sources */ = {isa = PBXBuildFile; fileRef = 7F83E3361DBDD35500DE4102 /* TableViewCell.swift */; };
		7F83E34C1DBDD49100DE4102 /* Dependencies.swift in Sources */ = {isa = PBXBuildFile; fileRef = 7F83E3481DBDD49100DE4102 /* Dependencies.swift */; };
		7F83E34D1DBDD49100DE4102 /* Presenter.swift in Sources */ = {isa = PBXBuildFile; fileRef = 7F83E3491DBDD49100DE4102 /* Presenter.swift */; };
		7F83E35B1DBDD58C00DE4102 /* YouTubePlayer.swift in Sources */ = {isa = PBXBuildFile; fileRef = 7F83E35A1DBDD58C00DE4102 /* YouTubePlayer.swift */; };
		7F83E35D1DBDD5DB00DE4102 /* YoutubePlayerViewController.swift in Sources */ = {isa = PBXBuildFile; fileRef = 7F83E35C1DBDD5DB00DE4102 /* YoutubePlayerViewController.swift */; };
		7F9274AE1DBDCAD00051DE6B /* ViewController.swift in Sources */ = {isa = PBXBuildFile; fileRef = 7F9274AD1DBDCAD00051DE6B /* ViewController.swift */; };
		7F9274B31DBDCAD00051DE6B /* Assets.xcassets in Resources */ = {isa = PBXBuildFile; fileRef = 7F9274B21DBDCAD00051DE6B /* Assets.xcassets */; };
		7FA950022032C5750083B23B /* UserStorage.swift in Sources */ = {isa = PBXBuildFile; fileRef = 7FA950002032C5750083B23B /* UserStorage.swift */; };
		7FA950032032C5750083B23B /* GoogleConnect.swift in Sources */ = {isa = PBXBuildFile; fileRef = 7FA950012032C5750083B23B /* GoogleConnect.swift */; };
		7FB8A42B1DD23C3100955C2D /* LFLivePreview.m in Sources */ = {isa = PBXBuildFile; fileRef = 7FB8A42A1DD23C3100955C2D /* LFLivePreview.m */; };
		7FB8A42D1DD23F8400955C2D /* LFLiveViewController.swift in Sources */ = {isa = PBXBuildFile; fileRef = 7FB8A42C1DD23F8400955C2D /* LFLiveViewController.swift */; };
		7FB8A4371DD2505700955C2D /* UIControl+YYAdd.m in Sources */ = {isa = PBXBuildFile; fileRef = 7FB8A4341DD2505700955C2D /* UIControl+YYAdd.m */; };
		7FB8A4381DD2505700955C2D /* UIView+YYAdd.m in Sources */ = {isa = PBXBuildFile; fileRef = 7FB8A4361DD2505700955C2D /* UIView+YYAdd.m */; };
		7FC2FCD21DD7372D007D8BF9 /* Helpers.swift in Sources */ = {isa = PBXBuildFile; fileRef = 7FC2FCD11DD7372D007D8BF9 /* Helpers.swift */; };
/* End PBXBuildFile section */

/* Begin PBXCopyFilesBuildPhase section */
		7F0478C11DD599DD00AB6211 /* Embed Frameworks */ = {
			isa = PBXCopyFilesBuildPhase;
			buildActionMask = 2147483647;
			dstPath = "";
			dstSubfolderSpec = 10;
			files = (
			);
			name = "Embed Frameworks";
			runOnlyForDeploymentPostprocessing = 0;
		};
/* End PBXCopyFilesBuildPhase section */

/* Begin PBXFileReference section */
		1D25A3DFDBD2707F0A23DDB9 /* Pods-YouTubeLiveVideo.release.xcconfig */ = {isa = PBXFileReference; includeInIndex = 1; lastKnownFileType = text.xcconfig; name = "Pods-YouTubeLiveVideo.release.xcconfig"; path = "Pods/Target Support Files/Pods-YouTubeLiveVideo/Pods-YouTubeLiveVideo.release.xcconfig"; sourceTree = "<group>"; };
		2F6AF40A23D40D691D15F9E0 /* Pods-YouTubeLiveVideo.debug.xcconfig */ = {isa = PBXFileReference; includeInIndex = 1; lastKnownFileType = text.xcconfig; name = "Pods-YouTubeLiveVideo.debug.xcconfig"; path = "Pods/Target Support Files/Pods-YouTubeLiveVideo/Pods-YouTubeLiveVideo.debug.xcconfig"; sourceTree = "<group>"; };
		7F1044381DBDFFF3006AA1EE /* Alert.swift */ = {isa = PBXFileReference; fileEncoding = 4; lastKnownFileType = sourcecode.swift; name = Alert.swift; path = YouTubeLiveVideo/Helpers/Alert.swift; sourceTree = "<group>"; };
		7F1044391DBDFFF3006AA1EE /* StatusBarShowingViewController.swift */ = {isa = PBXFileReference; fileEncoding = 4; lastKnownFileType = sourcecode.swift; name = StatusBarShowingViewController.swift; path = YouTubeLiveVideo/Helpers/StatusBarShowingViewController.swift; sourceTree = "<group>"; };
		7F1044451DBE2325006AA1EE /* FBSDKCoreKit.framework */ = {isa = PBXFileReference; lastKnownFileType = wrapper.framework; name = FBSDKCoreKit.framework; path = Frameworks/FBSDKCoreKit.framework; sourceTree = "<group>"; };
		7F1044461DBE2325006AA1EE /* FBSDKLoginKit.framework */ = {isa = PBXFileReference; lastKnownFileType = wrapper.framework; name = FBSDKLoginKit.framework; path = Frameworks/FBSDKLoginKit.framework; sourceTree = "<group>"; };
		7F53B1A72030724200E09CFA /* Base */ = {isa = PBXFileReference; lastKnownFileType = file.storyboard; name = Base; path = Base.lproj/LaunchScreen.storyboard; sourceTree = "<group>"; };
		7F53B1A92030724200E09CFA /* Base */ = {isa = PBXFileReference; lastKnownFileType = file.storyboard; name = Base; path = Base.lproj/Main.storyboard; sourceTree = "<group>"; };
		7F53B1B02030B38100E09CFA /* Interactor.swift */ = {isa = PBXFileReference; lastKnownFileType = sourcecode.swift; path = Interactor.swift; sourceTree = "<group>"; };
		7F53B1B32030B4B300E09CFA /* AppDelegate.swift */ = {isa = PBXFileReference; fileEncoding = 4; lastKnownFileType = sourcecode.swift; path = AppDelegate.swift; sourceTree = SOURCE_ROOT; };
		7F53B1B42030B4B400E09CFA /* GoogleService-Info.plist */ = {isa = PBXFileReference; fileEncoding = 4; lastKnownFileType = text.plist.xml; path = "GoogleService-Info.plist"; sourceTree = SOURCE_ROOT; };
		7F53B1B62030B4B400E09CFA /* YouTubeLiveVideo-Bridging-Header.h */ = {isa = PBXFileReference; fileEncoding = 4; lastKnownFileType = sourcecode.c.h; path = "YouTubeLiveVideo-Bridging-Header.h"; sourceTree = SOURCE_ROOT; };
		7F53B1BA2030B57E00E09CFA /* Info.plist */ = {isa = PBXFileReference; fileEncoding = 4; lastKnownFileType = text.plist.xml; name = Info.plist; path = YouTubeLiveVideo/Info.plist; sourceTree = SOURCE_ROOT; };
		7F83E3361DBDD35500DE4102 /* TableViewCell.swift */ = {isa = PBXFileReference; fileEncoding = 4; lastKnownFileType = sourcecode.swift; path = TableViewCell.swift; sourceTree = "<group>"; };
		7F83E3481DBDD49100DE4102 /* Dependencies.swift */ = {isa = PBXFileReference; fileEncoding = 4; lastKnownFileType = sourcecode.swift; path = Dependencies.swift; sourceTree = "<group>"; };
		7F83E3491DBDD49100DE4102 /* Presenter.swift */ = {isa = PBXFileReference; fileEncoding = 4; lastKnownFileType = sourcecode.swift; path = Presenter.swift; sourceTree = "<group>"; };
		7F83E35A1DBDD58C00DE4102 /* YouTubePlayer.swift */ = {isa = PBXFileReference; fileEncoding = 4; lastKnownFileType = sourcecode.swift; path = YouTubePlayer.swift; sourceTree = "<group>"; };
		7F83E35C1DBDD5DB00DE4102 /* YoutubePlayerViewController.swift */ = {isa = PBXFileReference; fileEncoding = 4; lastKnownFileType = sourcecode.swift; path = YoutubePlayerViewController.swift; sourceTree = "<group>"; };
		7F9274A81DBDCAD00051DE6B /* YouTubeLiveVideo.app */ = {isa = PBXFileReference; explicitFileType = wrapper.application; includeInIndex = 0; path = YouTubeLiveVideo.app; sourceTree = BUILT_PRODUCTS_DIR; };
		7F9274AD1DBDCAD00051DE6B /* ViewController.swift */ = {isa = PBXFileReference; lastKnownFileType = sourcecode.swift; path = ViewController.swift; sourceTree = "<group>"; };
		7F9274B21DBDCAD00051DE6B /* Assets.xcassets */ = {isa = PBXFileReference; lastKnownFileType = folder.assetcatalog; path = Assets.xcassets; sourceTree = "<group>"; };
		7FA950002032C5750083B23B /* UserStorage.swift */ = {isa = PBXFileReference; fileEncoding = 4; lastKnownFileType = sourcecode.swift; path = UserStorage.swift; sourceTree = "<group>"; };
		7FA950012032C5750083B23B /* GoogleConnect.swift */ = {isa = PBXFileReference; fileEncoding = 4; lastKnownFileType = sourcecode.swift; path = GoogleConnect.swift; sourceTree = "<group>"; };
		7FB8A4291DD23C3100955C2D /* LFLivePreview.h */ = {isa = PBXFileReference; fileEncoding = 4; lastKnownFileType = sourcecode.c.h; path = LFLivePreview.h; sourceTree = "<group>"; };
		7FB8A42A1DD23C3100955C2D /* LFLivePreview.m */ = {isa = PBXFileReference; fileEncoding = 4; lastKnownFileType = sourcecode.c.objc; path = LFLivePreview.m; sourceTree = "<group>"; };
		7FB8A42C1DD23F8400955C2D /* LFLiveViewController.swift */ = {isa = PBXFileReference; fileEncoding = 4; lastKnownFileType = sourcecode.swift; path = LFLiveViewController.swift; sourceTree = "<group>"; };
		7FB8A4331DD2505700955C2D /* UIControl+YYAdd.h */ = {isa = PBXFileReference; fileEncoding = 4; lastKnownFileType = sourcecode.c.h; path = "UIControl+YYAdd.h"; sourceTree = "<group>"; };
		7FB8A4341DD2505700955C2D /* UIControl+YYAdd.m */ = {isa = PBXFileReference; fileEncoding = 4; lastKnownFileType = sourcecode.c.objc; path = "UIControl+YYAdd.m"; sourceTree = "<group>"; };
		7FB8A4351DD2505700955C2D /* UIView+YYAdd.h */ = {isa = PBXFileReference; fileEncoding = 4; lastKnownFileType = sourcecode.c.h; path = "UIView+YYAdd.h"; sourceTree = "<group>"; };
		7FB8A4361DD2505700955C2D /* UIView+YYAdd.m */ = {isa = PBXFileReference; fileEncoding = 4; lastKnownFileType = sourcecode.c.objc; path = "UIView+YYAdd.m"; sourceTree = "<group>"; };
		7FC2FCD11DD7372D007D8BF9 /* Helpers.swift */ = {isa = PBXFileReference; fileEncoding = 4; lastKnownFileType = sourcecode.swift; name = Helpers.swift; path = YouTubeLiveVideo/Helpers/Helpers.swift; sourceTree = "<group>"; };
		8D49C69C84C0F80F29371978 /* Pods_YouTubeLiveVideo.framework */ = {isa = PBXFileReference; explicitFileType = wrapper.framework; includeInIndex = 0; path = Pods_YouTubeLiveVideo.framework; sourceTree = BUILT_PRODUCTS_DIR; };
/* End PBXFileReference section */

/* Begin PBXFrameworksBuildPhase section */
		7F9274A51DBDCAD00051DE6B /* Frameworks */ = {
			isa = PBXFrameworksBuildPhase;
			buildActionMask = 2147483647;
			files = (
				62F6B577B430D78912B92163 /* Pods_YouTubeLiveVideo.framework in Frameworks */,
			);
			runOnlyForDeploymentPostprocessing = 0;
		};
/* End PBXFrameworksBuildPhase section */

/* Begin PBXGroup section */
		7F53B1A5203071F000E09CFA /* Resources */ = {
			isa = PBXGroup;
			children = (
				7F53B1A62030724200E09CFA /* LaunchScreen.storyboard */,
				7F9274B21DBDCAD00051DE6B /* Assets.xcassets */,
			);
			path = Resources;
			sourceTree = "<group>";
		};
		7F53B1AD203072EA00E09CFA /* Main */ = {
			isa = PBXGroup;
			children = (
				7F53B1AF2030B15C00E09CFA /* View */,
				7F83E3481DBDD49100DE4102 /* Dependencies.swift */,
				7F83E3491DBDD49100DE4102 /* Presenter.swift */,
				7F53B1B02030B38100E09CFA /* Interactor.swift */,
			);
			path = Main;
			sourceTree = "<group>";
		};
		7F53B1AE2030733200E09CFA /* LFLive */ = {
			isa = PBXGroup;
			children = (
				7FB8A42C1DD23F8400955C2D /* LFLiveViewController.swift */,
				7FB8A4291DD23C3100955C2D /* LFLivePreview.h */,
				7FB8A42A1DD23C3100955C2D /* LFLivePreview.m */,
			);
			path = LFLive;
			sourceTree = "<group>";
		};
		7F53B1AF2030B15C00E09CFA /* View */ = {
			isa = PBXGroup;
			children = (
				7F53B1A82030724200E09CFA /* Main.storyboard */,
				7F9274AD1DBDCAD00051DE6B /* ViewController.swift */,
				7F83E3361DBDD35500DE4102 /* TableViewCell.swift */,
			);
			path = View;
			sourceTree = "<group>";
		};
		7F53B1B22030B43000E09CFA /* Supprting Files */ = {
			isa = PBXGroup;
			children = (
				7F53B1B32030B4B300E09CFA /* AppDelegate.swift */,
				7F53B1B42030B4B400E09CFA /* GoogleService-Info.plist */,
				7F53B1BA2030B57E00E09CFA /* Info.plist */,
				7F53B1B62030B4B400E09CFA /* YouTubeLiveVideo-Bridging-Header.h */,
			);
			name = "Supprting Files";
			path = Resources;
			sourceTree = "<group>";
		};
		7F92749F1DBDCAD00051DE6B = {
			isa = PBXGroup;
			children = (
				7FCB1A501DD4F2AF0033145D /* YouTubeLiveVideo */,
				7F9274A91DBDCAD00051DE6B /* Products */,
				8D45835BEFA5D646E97921C6 /* Pods */,
				FD1738076B36F560B35DA7B2 /* Frameworks */,
			);
			sourceTree = "<group>";
		};
		7F9274A91DBDCAD00051DE6B /* Products */ = {
			isa = PBXGroup;
			children = (
				7F9274A81DBDCAD00051DE6B /* YouTubeLiveVideo.app */,
			);
			name = Products;
			sourceTree = "<group>";
		};
		7FA94FFF2032C5750083B23B /* Oauth2 */ = {
			isa = PBXGroup;
			children = (
				7FA950002032C5750083B23B /* UserStorage.swift */,
				7FA950012032C5750083B23B /* GoogleConnect.swift */,
			);
			path = Oauth2;
			sourceTree = SOURCE_ROOT;
		};
		7FB8A4321DD2505700955C2D /* category */ = {
			isa = PBXGroup;
			children = (
				7FB8A4331DD2505700955C2D /* UIControl+YYAdd.h */,
				7FB8A4341DD2505700955C2D /* UIControl+YYAdd.m */,
				7FB8A4351DD2505700955C2D /* UIView+YYAdd.h */,
				7FB8A4361DD2505700955C2D /* UIView+YYAdd.m */,
			);
			name = category;
			path = YouTubeLiveVideo/category;
			sourceTree = "<group>";
		};
		7FC001171DD4783200AA22A5 /* YouTubePlayer */ = {
			isa = PBXGroup;
			children = (
				7F83E35A1DBDD58C00DE4102 /* YouTubePlayer.swift */,
				7F83E35C1DBDD5DB00DE4102 /* YoutubePlayerViewController.swift */,
			);
			name = YouTubePlayer;
			path = YouTubeLiveVideo;
			sourceTree = "<group>";
		};
		7FC2FCD01DD73664007D8BF9 /* Helpers */ = {
			isa = PBXGroup;
			children = (
				7F1044391DBDFFF3006AA1EE /* StatusBarShowingViewController.swift */,
				7F1044381DBDFFF3006AA1EE /* Alert.swift */,
				7FC2FCD11DD7372D007D8BF9 /* Helpers.swift */,
			);
			name = Helpers;
			sourceTree = "<group>";
		};
		7FCB1A501DD4F2AF0033145D /* YouTubeLiveVideo */ = {
			isa = PBXGroup;
			children = (
				7FC2FCD01DD73664007D8BF9 /* Helpers */,
				7FB8A4321DD2505700955C2D /* category */,
				7FC001171DD4783200AA22A5 /* YouTubePlayer */,
				7F53B1AE2030733200E09CFA /* LFLive */,
				7FA94FFF2032C5750083B23B /* Oauth2 */,
				7F53B1AD203072EA00E09CFA /* Main */,
				7F53B1A5203071F000E09CFA /* Resources */,
				7F53B1B22030B43000E09CFA /* Supprting Files */,
			);
			name = YouTubeLiveVideo;
			sourceTree = "<group>";
		};
		8D45835BEFA5D646E97921C6 /* Pods */ = {
			isa = PBXGroup;
			children = (
				2F6AF40A23D40D691D15F9E0 /* Pods-YouTubeLiveVideo.debug.xcconfig */,
				1D25A3DFDBD2707F0A23DDB9 /* Pods-YouTubeLiveVideo.release.xcconfig */,
			);
			name = Pods;
			sourceTree = "<group>";
		};
		FD1738076B36F560B35DA7B2 /* Frameworks */ = {
			isa = PBXGroup;
			children = (
				7F1044451DBE2325006AA1EE /* FBSDKCoreKit.framework */,
				7F1044461DBE2325006AA1EE /* FBSDKLoginKit.framework */,
				8D49C69C84C0F80F29371978 /* Pods_YouTubeLiveVideo.framework */,
			);
			name = Frameworks;
			sourceTree = "<group>";
		};
/* End PBXGroup section */

/* Begin PBXNativeTarget section */
		7F9274A71DBDCAD00051DE6B /* YouTubeLiveVideo */ = {
			isa = PBXNativeTarget;
			buildConfigurationList = 7F9274BA1DBDCAD00051DE6B /* Build configuration list for PBXNativeTarget "YouTubeLiveVideo" */;
			buildPhases = (
				212D28A20033C99140419B3A /* [CP] Check Pods Manifest.lock */,
				7F9274A41DBDCAD00051DE6B /* Sources */,
				7F9274A51DBDCAD00051DE6B /* Frameworks */,
				7F9274A61DBDCAD00051DE6B /* Resources */,
				25E870AD25798A32FC9B1529 /* [CP] Embed Pods Frameworks */,
				C68A264E196F15DC0B818B46 /* [CP] Copy Pods Resources */,
				7F0478C11DD599DD00AB6211 /* Embed Frameworks */,
			);
			buildRules = (
			);
			dependencies = (
			);
			name = YouTubeLiveVideo;
			productName = YouTubeLiveVideo;
			productReference = 7F9274A81DBDCAD00051DE6B /* YouTubeLiveVideo.app */;
			productType = "com.apple.product-type.application";
		};
/* End PBXNativeTarget section */

/* Begin PBXProject section */
		7F9274A01DBDCAD00051DE6B /* Project object */ = {
			isa = PBXProject;
			attributes = {
				LastSwiftUpdateCheck = 0730;
				LastUpgradeCheck = 0810;
				ORGANIZATIONNAME = "Sergey Krotkih";
				TargetAttributes = {
					7F9274A71DBDCAD00051DE6B = {
						CreatedOnToolsVersion = 7.3.1;
						DevelopmentTeam = N5B5T39W8Y;
						LastSwiftMigration = 0920;
						ProvisioningStyle = Automatic;
					};
				};
			};
			buildConfigurationList = 7F9274A31DBDCAD00051DE6B /* Build configuration list for PBXProject "YouTubeLiveVideo" */;
			compatibilityVersion = "Xcode 3.2";
			developmentRegion = English;
			hasScannedForEncodings = 0;
			knownRegions = (
				en,
				Base,
			);
			mainGroup = 7F92749F1DBDCAD00051DE6B;
			productRefGroup = 7F9274A91DBDCAD00051DE6B /* Products */;
			projectDirPath = "";
			projectRoot = "";
			targets = (
				7F9274A71DBDCAD00051DE6B /* YouTubeLiveVideo */,
			);
		};
/* End PBXProject section */

/* Begin PBXResourcesBuildPhase section */
		7F9274A61DBDCAD00051DE6B /* Resources */ = {
			isa = PBXResourcesBuildPhase;
			buildActionMask = 2147483647;
			files = (
				7F53B1AB2030724200E09CFA /* Main.storyboard in Resources */,
				7F9274B31DBDCAD00051DE6B /* Assets.xcassets in Resources */,
				7F53B1BB2030B57E00E09CFA /* Info.plist in Resources */,
				7F53B1AA2030724200E09CFA /* LaunchScreen.storyboard in Resources */,
			);
			runOnlyForDeploymentPostprocessing = 0;
		};
/* End PBXResourcesBuildPhase section */

/* Begin PBXShellScriptBuildPhase section */
		212D28A20033C99140419B3A /* [CP] Check Pods Manifest.lock */ = {
			isa = PBXShellScriptBuildPhase;
			buildActionMask = 2147483647;
			files = (
			);
			inputPaths = (
				"${PODS_PODFILE_DIR_PATH}/Podfile.lock",
				"${PODS_ROOT}/Manifest.lock",
			);
			name = "[CP] Check Pods Manifest.lock";
			outputPaths = (
				"$(DERIVED_FILE_DIR)/Pods-YouTubeLiveVideo-checkManifestLockResult.txt",
			);
			runOnlyForDeploymentPostprocessing = 0;
			shellPath = /bin/sh;
			shellScript = "diff \"${PODS_PODFILE_DIR_PATH}/Podfile.lock\" \"${PODS_ROOT}/Manifest.lock\" > /dev/null\nif [ $? != 0 ] ; then\n    # print error to STDERR\n    echo \"error: The sandbox is not in sync with the Podfile.lock. Run 'pod install' or update your CocoaPods installation.\" >&2\n    exit 1\nfi\n# This output is used by Xcode 'outputs' to avoid re-running this script phase.\necho \"SUCCESS\" > \"${SCRIPT_OUTPUT_FILE_0}\"\n";
			showEnvVarsInLog = 0;
		};
		25E870AD25798A32FC9B1529 /* [CP] Embed Pods Frameworks */ = {
			isa = PBXShellScriptBuildPhase;
			buildActionMask = 2147483647;
			files = (
			);
			inputPaths = (
				"${SRCROOT}/Pods/Target Support Files/Pods-YouTubeLiveVideo/Pods-YouTubeLiveVideo-frameworks.sh",
				"${BUILT_PRODUCTS_DIR}/Alamofire/Alamofire.framework",
				"${BUILT_PRODUCTS_DIR}/GTMOAuth2/GTMOAuth2.framework",
				"${BUILT_PRODUCTS_DIR}/GTMSessionFetcher/GTMSessionFetcher.framework",
				"${BUILT_PRODUCTS_DIR}/GoogleToolboxForMac/GoogleToolboxForMac.framework",
				"${BUILT_PRODUCTS_DIR}/KeychainAccess/KeychainAccess.framework",
				"${BUILT_PRODUCTS_DIR}/LFLiveKit/LFLiveKit.framework",
				"${BUILT_PRODUCTS_DIR}/Moya/Moya.framework",
				"${BUILT_PRODUCTS_DIR}/Result/Result.framework",
				"${BUILT_PRODUCTS_DIR}/SwiftyJSON/SwiftyJSON.framework",
				"${BUILT_PRODUCTS_DIR}/XCDYouTubeKit/XCDYouTubeKit.framework",
				"${BUILT_PRODUCTS_DIR}/YTLiveStreaming/YTLiveStreaming.framework",
			);
			name = "[CP] Embed Pods Frameworks";
			outputPaths = (
				"${TARGET_BUILD_DIR}/${FRAMEWORKS_FOLDER_PATH}/Alamofire.framework",
				"${TARGET_BUILD_DIR}/${FRAMEWORKS_FOLDER_PATH}/GTMOAuth2.framework",
				"${TARGET_BUILD_DIR}/${FRAMEWORKS_FOLDER_PATH}/GTMSessionFetcher.framework",
				"${TARGET_BUILD_DIR}/${FRAMEWORKS_FOLDER_PATH}/GoogleToolboxForMac.framework",
				"${TARGET_BUILD_DIR}/${FRAMEWORKS_FOLDER_PATH}/KeychainAccess.framework",
				"${TARGET_BUILD_DIR}/${FRAMEWORKS_FOLDER_PATH}/LFLiveKit.framework",
				"${TARGET_BUILD_DIR}/${FRAMEWORKS_FOLDER_PATH}/Moya.framework",
				"${TARGET_BUILD_DIR}/${FRAMEWORKS_FOLDER_PATH}/Result.framework",
				"${TARGET_BUILD_DIR}/${FRAMEWORKS_FOLDER_PATH}/SwiftyJSON.framework",
				"${TARGET_BUILD_DIR}/${FRAMEWORKS_FOLDER_PATH}/XCDYouTubeKit.framework",
				"${TARGET_BUILD_DIR}/${FRAMEWORKS_FOLDER_PATH}/YTLiveStreaming.framework",
			);
			runOnlyForDeploymentPostprocessing = 0;
			shellPath = /bin/sh;
			shellScript = "\"${SRCROOT}/Pods/Target Support Files/Pods-YouTubeLiveVideo/Pods-YouTubeLiveVideo-frameworks.sh\"\n";
			showEnvVarsInLog = 0;
		};
		C68A264E196F15DC0B818B46 /* [CP] Copy Pods Resources */ = {
			isa = PBXShellScriptBuildPhase;
			buildActionMask = 2147483647;
			files = (
			);
			inputPaths = (
				"${SRCROOT}/Pods/Target Support Files/Pods-YouTubeLiveVideo/Pods-YouTubeLiveVideo-resources.sh",
				"${PODS_ROOT}/GoogleSignIn/Resources/GoogleSignIn.bundle",
			);
			name = "[CP] Copy Pods Resources";
			outputPaths = (
				"${TARGET_BUILD_DIR}/${UNLOCALIZED_RESOURCES_FOLDER_PATH}/GoogleSignIn.bundle",
			);
			runOnlyForDeploymentPostprocessing = 0;
			shellPath = /bin/sh;
			shellScript = "\"${SRCROOT}/Pods/Target Support Files/Pods-YouTubeLiveVideo/Pods-YouTubeLiveVideo-resources.sh\"\n";
			showEnvVarsInLog = 0;
		};
/* End PBXShellScriptBuildPhase section */

/* Begin PBXSourcesBuildPhase section */
		7F9274A41DBDCAD00051DE6B /* Sources */ = {
			isa = PBXSourcesBuildPhase;
			buildActionMask = 2147483647;
			files = (
				7FA950022032C5750083B23B /* UserStorage.swift in Sources */,
				7FB8A42B1DD23C3100955C2D /* LFLivePreview.m in Sources */,
				7FC2FCD21DD7372D007D8BF9 /* Helpers.swift in Sources */,
				7F83E3371DBDD35500DE4102 /* TableViewCell.swift in Sources */,
				7F10443A1DBDFFF3006AA1EE /* Alert.swift in Sources */,
				7F9274AE1DBDCAD00051DE6B /* ViewController.swift in Sources */,
				7F83E35B1DBDD58C00DE4102 /* YouTubePlayer.swift in Sources */,
				7FB8A4371DD2505700955C2D /* UIControl+YYAdd.m in Sources */,
				7F83E34D1DBDD49100DE4102 /* Presenter.swift in Sources */,
				7F83E35D1DBDD5DB00DE4102 /* YoutubePlayerViewController.swift in Sources */,
				7F53B1B72030B4B400E09CFA /* AppDelegate.swift in Sources */,
				7F53B1B12030B38100E09CFA /* Interactor.swift in Sources */,
				7FB8A42D1DD23F8400955C2D /* LFLiveViewController.swift in Sources */,
				7FA950032032C5750083B23B /* GoogleConnect.swift in Sources */,
				7FB8A4381DD2505700955C2D /* UIView+YYAdd.m in Sources */,
				7F83E34C1DBDD49100DE4102 /* Dependencies.swift in Sources */,
				7F10443B1DBDFFF3006AA1EE /* StatusBarShowingViewController.swift in Sources */,
			);
			runOnlyForDeploymentPostprocessing = 0;
		};
/* End PBXSourcesBuildPhase section */

/* Begin PBXVariantGroup section */
		7F53B1A62030724200E09CFA /* LaunchScreen.storyboard */ = {
			isa = PBXVariantGroup;
			children = (
				7F53B1A72030724200E09CFA /* Base */,
			);
			name = LaunchScreen.storyboard;
			sourceTree = "<group>";
		};
		7F53B1A82030724200E09CFA /* Main.storyboard */ = {
			isa = PBXVariantGroup;
			children = (
				7F53B1A92030724200E09CFA /* Base */,
			);
			name = Main.storyboard;
			sourceTree = "<group>";
		};
/* End PBXVariantGroup section */

/* Begin XCBuildConfiguration section */
		7F9274B81DBDCAD00051DE6B /* Debug */ = {
			isa = XCBuildConfiguration;
			buildSettings = {
				ALWAYS_SEARCH_USER_PATHS = NO;
				CLANG_ANALYZER_NONNULL = YES;
				CLANG_CXX_LANGUAGE_STANDARD = "gnu++0x";
				CLANG_CXX_LIBRARY = "libc++";
				CLANG_ENABLE_MODULES = YES;
				CLANG_ENABLE_OBJC_ARC = YES;
				CLANG_WARN_BOOL_CONVERSION = YES;
				CLANG_WARN_CONSTANT_CONVERSION = YES;
				CLANG_WARN_DIRECT_OBJC_ISA_USAGE = YES_ERROR;
				CLANG_WARN_EMPTY_BODY = YES;
				CLANG_WARN_ENUM_CONVERSION = YES;
				CLANG_WARN_INFINITE_RECURSION = YES;
				CLANG_WARN_INT_CONVERSION = YES;
				CLANG_WARN_OBJC_ROOT_CLASS = YES_ERROR;
				CLANG_WARN_SUSPICIOUS_MOVE = YES;
				CLANG_WARN_UNREACHABLE_CODE = YES;
				CLANG_WARN__DUPLICATE_METHOD_MATCH = YES;
				"CODE_SIGN_IDENTITY[sdk=iphoneos*]" = "iPhone Developer";
				COPY_PHASE_STRIP = NO;
				DEBUG_INFORMATION_FORMAT = dwarf;
				ENABLE_STRICT_OBJC_MSGSEND = YES;
				ENABLE_TESTABILITY = YES;
				GCC_C_LANGUAGE_STANDARD = gnu99;
				GCC_DYNAMIC_NO_PIC = NO;
				GCC_NO_COMMON_BLOCKS = YES;
				GCC_OPTIMIZATION_LEVEL = 0;
				GCC_PREPROCESSOR_DEFINITIONS = (
					"DEBUG=1",
					"$(inherited)",
				);
				GCC_WARN_64_TO_32_BIT_CONVERSION = YES;
				GCC_WARN_ABOUT_RETURN_TYPE = YES_ERROR;
				GCC_WARN_UNDECLARED_SELECTOR = YES;
				GCC_WARN_UNINITIALIZED_AUTOS = YES_AGGRESSIVE;
				GCC_WARN_UNUSED_FUNCTION = YES;
				GCC_WARN_UNUSED_VARIABLE = YES;
				IPHONEOS_DEPLOYMENT_TARGET = 9.3;
				MTL_ENABLE_DEBUG_INFO = YES;
				ONLY_ACTIVE_ARCH = YES;
				SDKROOT = iphoneos;
				SWIFT_OPTIMIZATION_LEVEL = "-Onone";
			};
			name = Debug;
		};
		7F9274B91DBDCAD00051DE6B /* Release */ = {
			isa = XCBuildConfiguration;
			buildSettings = {
				ALWAYS_SEARCH_USER_PATHS = NO;
				CLANG_ANALYZER_NONNULL = YES;
				CLANG_CXX_LANGUAGE_STANDARD = "gnu++0x";
				CLANG_CXX_LIBRARY = "libc++";
				CLANG_ENABLE_MODULES = YES;
				CLANG_ENABLE_OBJC_ARC = YES;
				CLANG_WARN_BOOL_CONVERSION = YES;
				CLANG_WARN_CONSTANT_CONVERSION = YES;
				CLANG_WARN_DIRECT_OBJC_ISA_USAGE = YES_ERROR;
				CLANG_WARN_EMPTY_BODY = YES;
				CLANG_WARN_ENUM_CONVERSION = YES;
				CLANG_WARN_INFINITE_RECURSION = YES;
				CLANG_WARN_INT_CONVERSION = YES;
				CLANG_WARN_OBJC_ROOT_CLASS = YES_ERROR;
				CLANG_WARN_SUSPICIOUS_MOVE = YES;
				CLANG_WARN_UNREACHABLE_CODE = YES;
				CLANG_WARN__DUPLICATE_METHOD_MATCH = YES;
				"CODE_SIGN_IDENTITY[sdk=iphoneos*]" = "iPhone Developer";
				COPY_PHASE_STRIP = NO;
				DEBUG_INFORMATION_FORMAT = "dwarf-with-dsym";
				ENABLE_NS_ASSERTIONS = NO;
				ENABLE_STRICT_OBJC_MSGSEND = YES;
				GCC_C_LANGUAGE_STANDARD = gnu99;
				GCC_NO_COMMON_BLOCKS = YES;
				GCC_WARN_64_TO_32_BIT_CONVERSION = YES;
				GCC_WARN_ABOUT_RETURN_TYPE = YES_ERROR;
				GCC_WARN_UNDECLARED_SELECTOR = YES;
				GCC_WARN_UNINITIALIZED_AUTOS = YES_AGGRESSIVE;
				GCC_WARN_UNUSED_FUNCTION = YES;
				GCC_WARN_UNUSED_VARIABLE = YES;
				IPHONEOS_DEPLOYMENT_TARGET = 9.3;
				MTL_ENABLE_DEBUG_INFO = NO;
				SDKROOT = iphoneos;
				SWIFT_OPTIMIZATION_LEVEL = "-Owholemodule";
				VALIDATE_PRODUCT = YES;
			};
			name = Release;
		};
		7F9274BB1DBDCAD00051DE6B /* Debug */ = {
			isa = XCBuildConfiguration;
			baseConfigurationReference = 2F6AF40A23D40D691D15F9E0 /* Pods-YouTubeLiveVideo.debug.xcconfig */;
			buildSettings = {
				ALWAYS_EMBED_SWIFT_STANDARD_LIBRARIES = YES;
				ASSETCATALOG_COMPILER_APPICON_NAME = AppIcon;
				CLANG_ENABLE_MODULES = YES;
				CODE_SIGN_IDENTITY = "iPhone Developer";
				"CODE_SIGN_IDENTITY[sdk=iphoneos*]" = "iPhone Developer";
				DEVELOPMENT_TEAM = N5B5T39W8Y;
				FRAMEWORK_SEARCH_PATHS = (
					"$(inherited)",
					"$(PROJECT_DIR)/Frameworks",
				);
				INFOPLIST_FILE = YouTubeLiveVideo/Info.plist;
				IPHONEOS_DEPLOYMENT_TARGET = 9.0;
				LD_RUNPATH_SEARCH_PATHS = "$(inherited) @executable_path/Frameworks";
				PRODUCT_BUNDLE_IDENTIFIER = com.skappledev.YouTubeLiveVideo;
				PRODUCT_NAME = "$(TARGET_NAME)";
				PROVISIONING_PROFILE = "";
				SWIFT_OBJC_BRIDGING_HEADER = "YouTubeLiveVideo-Bridging-Header.h";
				SWIFT_OPTIMIZATION_LEVEL = "-Onone";
				SWIFT_SWIFT3_OBJC_INFERENCE = On;
				SWIFT_VERSION = 4.0;
			};
			name = Debug;
		};
		7F9274BC1DBDCAD00051DE6B /* Release */ = {
			isa = XCBuildConfiguration;
			baseConfigurationReference = 1D25A3DFDBD2707F0A23DDB9 /* Pods-YouTubeLiveVideo.release.xcconfig */;
			buildSettings = {
				ALWAYS_EMBED_SWIFT_STANDARD_LIBRARIES = YES;
				ASSETCATALOG_COMPILER_APPICON_NAME = AppIcon;
				CLANG_ENABLE_MODULES = YES;
				CODE_SIGN_IDENTITY = "iPhone Developer";
				"CODE_SIGN_IDENTITY[sdk=iphoneos*]" = "iPhone Developer";
				DEVELOPMENT_TEAM = N5B5T39W8Y;
				FRAMEWORK_SEARCH_PATHS = (
					"$(inherited)",
					"$(PROJECT_DIR)/Frameworks",
				);
				INFOPLIST_FILE = YouTubeLiveVideo/Info.plist;
				IPHONEOS_DEPLOYMENT_TARGET = 9.0;
				LD_RUNPATH_SEARCH_PATHS = "$(inherited) @executable_path/Frameworks";
				PRODUCT_BUNDLE_IDENTIFIER = com.skappledev.YouTubeLiveVideo;
				PRODUCT_NAME = "$(TARGET_NAME)";
				PROVISIONING_PROFILE = "";
				SWIFT_OBJC_BRIDGING_HEADER = "YouTubeLiveVideo-Bridging-Header.h";
				SWIFT_SWIFT3_OBJC_INFERENCE = On;
				SWIFT_VERSION = 4.0;
			};
			name = Release;
		};
/* End XCBuildConfiguration section */

/* Begin XCConfigurationList section */
		7F9274A31DBDCAD00051DE6B /* Build configuration list for PBXProject "YouTubeLiveVideo" */ = {
			isa = XCConfigurationList;
			buildConfigurations = (
				7F9274B81DBDCAD00051DE6B /* Debug */,
				7F9274B91DBDCAD00051DE6B /* Release */,
			);
			defaultConfigurationIsVisible = 0;
			defaultConfigurationName = Release;
		};
		7F9274BA1DBDCAD00051DE6B /* Build configuration list for PBXNativeTarget "YouTubeLiveVideo" */ = {
			isa = XCConfigurationList;
			buildConfigurations = (
				7F9274BB1DBDCAD00051DE6B /* Debug */,
				7F9274BC1DBDCAD00051DE6B /* Release */,
			);
			defaultConfigurationIsVisible = 0;
			defaultConfigurationName = Release;
		};
/* End XCConfigurationList section */
	};
	rootObject = 7F9274A01DBDCAD00051DE6B /* Project object */;
}
